// !$*UTF8*$!
{
	archiveVersion = 1;
	classes = {
	};
	objectVersion = 46;
	objects = {

/* Begin PBXBuildFile section */
		1E41934E12DE381F007038D2 /* PKMatrixReverbEffect.h in Headers */ = {isa = PBXBuildFile; fileRef = 1E41934C12DE381F007038D2 /* PKMatrixReverbEffect.h */; settings = {ATTRIBUTES = (Public, ); }; };
		1E41934F12DE381F007038D2 /* PKMatrixReverbEffect.cpp in Sources */ = {isa = PBXBuildFile; fileRef = 1E41934D12DE381F007038D2 /* PKMatrixReverbEffect.cpp */; };
		1E4195EC12E12C3C007038D2 /* PKDelayEffect.h in Headers */ = {isa = PBXBuildFile; fileRef = 1E4195EA12E12C3C007038D2 /* PKDelayEffect.h */; settings = {ATTRIBUTES = (Public, ); }; };
		1E4195ED12E12C3C007038D2 /* PKDelayEffect.cpp in Sources */ = {isa = PBXBuildFile; fileRef = 1E4195EB12E12C3C007038D2 /* PKDelayEffect.cpp */; };
		1E41960A12E12E3E007038D2 /* PKPitchEffect.h in Headers */ = {isa = PBXBuildFile; fileRef = 1E41960812E12E3E007038D2 /* PKPitchEffect.h */; settings = {ATTRIBUTES = (Public, ); }; };
		1E41960B12E12E3E007038D2 /* PKPitchEffect.cpp in Sources */ = {isa = PBXBuildFile; fileRef = 1E41960912E12E3E007038D2 /* PKPitchEffect.cpp */; };
		1E41970E12E34ECD007038D2 /* CoreAudioErrors.h in Headers */ = {isa = PBXBuildFile; fileRef = 1E41970C12E34ECD007038D2 /* CoreAudioErrors.h */; };
		1E41970F12E34ECD007038D2 /* CoreAudioErrors.cpp in Sources */ = {isa = PBXBuildFile; fileRef = 1E41970D12E34ECD007038D2 /* CoreAudioErrors.cpp */; };
		1E42945D12EDF91D0004DFC2 /* CoreFoundation.framework in Frameworks */ = {isa = PBXBuildFile; fileRef = 1E42945C12EDF91D0004DFC2 /* CoreFoundation.framework */; };
		1E42945F12EDF91D0004DFC2 /* CoreServices.framework in Frameworks */ = {isa = PBXBuildFile; fileRef = 1E42945E12EDF91D0004DFC2 /* CoreServices.framework */; };
		1EE97A6C124D80EA00AA4646 /* PKAudioPlayerEngine.cpp in Sources */ = {isa = PBXBuildFile; fileRef = 1EE97A4F124D80EA00AA4646 /* PKAudioPlayerEngine.cpp */; };
		1EE97A6D124D80EA00AA4646 /* PKAudioPlayerEngine.h in Headers */ = {isa = PBXBuildFile; fileRef = 1EE97A50124D80EA00AA4646 /* PKAudioPlayerEngine.h */; };
		1EE97A6F124D80EA00AA4646 /* PKCoreAudioDecoder.cpp in Sources */ = {isa = PBXBuildFile; fileRef = 1EE97A52124D80EA00AA4646 /* PKCoreAudioDecoder.cpp */; };
		1EE97A70124D80EA00AA4646 /* PKCoreAudioDecoder.h in Headers */ = {isa = PBXBuildFile; fileRef = 1EE97A53124D80EA00AA4646 /* PKCoreAudioDecoder.h */; };
		1EE97A71124D80EA00AA4646 /* PKDecoder.cpp in Sources */ = {isa = PBXBuildFile; fileRef = 1EE97A54124D80EA00AA4646 /* PKDecoder.cpp */; };
		1EE97A72124D80EA00AA4646 /* PKDecoder.h in Headers */ = {isa = PBXBuildFile; fileRef = 1EE97A55124D80EA00AA4646 /* PKDecoder.h */; };
		1EE97A75124D80EA00AA4646 /* PKScheduledDataSlice.cpp in Sources */ = {isa = PBXBuildFile; fileRef = 1EE97A58124D80EA00AA4646 /* PKScheduledDataSlice.cpp */; };
		1EE97A76124D80EA00AA4646 /* PKScheduledDataSlice.h in Headers */ = {isa = PBXBuildFile; fileRef = 1EE97A59124D80EA00AA4646 /* PKScheduledDataSlice.h */; };
		1EE97A77124D80EA00AA4646 /* PKTaskQueue.cpp in Sources */ = {isa = PBXBuildFile; fileRef = 1EE97A5A124D80EA00AA4646 /* PKTaskQueue.cpp */; };
		1EE97A78124D80EA00AA4646 /* PKTaskQueue.h in Headers */ = {isa = PBXBuildFile; fileRef = 1EE97A5B124D80EA00AA4646 /* PKTaskQueue.h */; };
		1EE97A79124D80EA00AA4646 /* PlayerKit.h in Headers */ = {isa = PBXBuildFile; fileRef = 1EE97A5C124D80EA00AA4646 /* PlayerKit.h */; settings = {ATTRIBUTES = (Public, ); }; };
		1EE97A7A124D80EA00AA4646 /* PlayerKitDefines.h in Headers */ = {isa = PBXBuildFile; fileRef = 1EE97A5D124D80EA00AA4646 /* PlayerKitDefines.h */; settings = {ATTRIBUTES = (Public, ); }; };
		1EE97A7B124D80EA00AA4646 /* PlayerKitDefines.cpp in Sources */ = {isa = PBXBuildFile; fileRef = 1EE97A5E124D80EA00AA4646 /* PlayerKitDefines.cpp */; };
		1EE97A7C124D80EA00AA4646 /* RBAtomic.cpp in Sources */ = {isa = PBXBuildFile; fileRef = 1EE97A5F124D80EA00AA4646 /* RBAtomic.cpp */; };
		1EE97A7D124D80EA00AA4646 /* RBAtomic.h in Headers */ = {isa = PBXBuildFile; fileRef = 1EE97A60124D80EA00AA4646 /* RBAtomic.h */; };
		1EE97A7E124D80EA00AA4646 /* RBException.h in Headers */ = {isa = PBXBuildFile; fileRef = 1EE97A61124D80EA00AA4646 /* RBException.h */; };
		1EE97A7F124D80EA00AA4646 /* RBException.cpp in Sources */ = {isa = PBXBuildFile; fileRef = 1EE97A62124D80EA00AA4646 /* RBException.cpp */; };
		1EE97A80124D80EA00AA4646 /* RBLockableObject.cpp in Sources */ = {isa = PBXBuildFile; fileRef = 1EE97A63124D80EA00AA4646 /* RBLockableObject.cpp */; };
		1EE97A81124D80EA00AA4646 /* RBLockableObject.h in Headers */ = {isa = PBXBuildFile; fileRef = 1EE97A64124D80EA00AA4646 /* RBLockableObject.h */; };
		1EE97A82124D80EA00AA4646 /* RBObject.cpp in Sources */ = {isa = PBXBuildFile; fileRef = 1EE97A65124D80EA00AA4646 /* RBObject.cpp */; };
		1EE97A83124D80EA00AA4646 /* RBObject.h in Headers */ = {isa = PBXBuildFile; fileRef = 1EE97A66124D80EA00AA4646 /* RBObject.h */; };
		1EE97A8E124D814700AA4646 /* CAComponent.cpp in Sources */ = {isa = PBXBuildFile; fileRef = 1EE97A8A124D814700AA4646 /* CAComponent.cpp */; };
		1EE97A8F124D814700AA4646 /* CAComponent.h in Headers */ = {isa = PBXBuildFile; fileRef = 1EE97A8B124D814700AA4646 /* CAComponent.h */; };
		1EE97A90124D814700AA4646 /* CAComponentDescription.cpp in Sources */ = {isa = PBXBuildFile; fileRef = 1EE97A8C124D814700AA4646 /* CAComponentDescription.cpp */; };
		1EE97A91124D814700AA4646 /* CAComponentDescription.h in Headers */ = {isa = PBXBuildFile; fileRef = 1EE97A8D124D814700AA4646 /* CAComponentDescription.h */; };
		1EE97A97124D816300AA4646 /* CAStreamBasicDescription.cpp in Sources */ = {isa = PBXBuildFile; fileRef = 1EE97A95124D816300AA4646 /* CAStreamBasicDescription.cpp */; };
		1EE97A98124D816300AA4646 /* CAStreamBasicDescription.h in Headers */ = {isa = PBXBuildFile; fileRef = 1EE97A96124D816300AA4646 /* CAStreamBasicDescription.h */; };
		1EE97A9B124D816A00AA4646 /* CAPThread.cpp in Sources */ = {isa = PBXBuildFile; fileRef = 1EE97A99124D816A00AA4646 /* CAPThread.cpp */; };
		1EE97A9C124D816A00AA4646 /* CAPThread.h in Headers */ = {isa = PBXBuildFile; fileRef = 1EE97A9A124D816A00AA4646 /* CAPThread.h */; };
		1EE97A9F124D816F00AA4646 /* CAAudioBufferList.cpp in Sources */ = {isa = PBXBuildFile; fileRef = 1EE97A9D124D816F00AA4646 /* CAAudioBufferList.cpp */; };
		1EE97AA0124D816F00AA4646 /* CAAudioBufferList.h in Headers */ = {isa = PBXBuildFile; fileRef = 1EE97A9E124D816F00AA4646 /* CAAudioBufferList.h */; };
		1EE97AA4124D818100AA4646 /* CoreAudio.framework in Frameworks */ = {isa = PBXBuildFile; fileRef = 1EE97AA3124D818100AA4646 /* CoreAudio.framework */; };
		1EE97AA6124D818400AA4646 /* AudioToolbox.framework in Frameworks */ = {isa = PBXBuildFile; fileRef = 1EE97AA5124D818400AA4646 /* AudioToolbox.framework */; };
		1EE97AAE124D819100AA4646 /* AudioUnit.framework in Frameworks */ = {isa = PBXBuildFile; fileRef = 1EE97AAD124D819100AA4646 /* AudioUnit.framework */; };
		1EEBF2F41269DFEF002CC6CA /* PKAudioPlayer.h in Headers */ = {isa = PBXBuildFile; fileRef = 1EEBF2F31269DFEF002CC6CA /* PKAudioPlayer.h */; settings = {ATTRIBUTES = (Public, ); }; };
		1EEBF2F61269E012002CC6CA /* PKAudioPlayerInternal.h in Headers */ = {isa = PBXBuildFile; fileRef = 1EEBF2F51269E012002CC6CA /* PKAudioPlayerInternal.h */; };
		1EEBF2FA1269E033002CC6CA /* PKAudioPlayer.cpp in Sources */ = {isa = PBXBuildFile; fileRef = 1EEBF2F91269E033002CC6CA /* PKAudioPlayer.cpp */; };
		1EEBF476126A16E8002CC6CA /* PKAudioEffect.h in Headers */ = {isa = PBXBuildFile; fileRef = 1EEBF474126A16E8002CC6CA /* PKAudioEffect.h */; settings = {ATTRIBUTES = (Public, ); }; };
		1EEBF477126A16E8002CC6CA /* PKAudioEffect.cpp in Sources */ = {isa = PBXBuildFile; fileRef = 1EEBF475126A16E8002CC6CA /* PKAudioEffect.cpp */; };
		1EEBF4FD126A236D002CC6CA /* PKGraphicEQEffect.h in Headers */ = {isa = PBXBuildFile; fileRef = 1EEBF4FB126A236D002CC6CA /* PKGraphicEQEffect.h */; settings = {ATTRIBUTES = (Public, ); }; };
		1EEBF4FE126A236D002CC6CA /* PKGraphicEQEffect.cpp in Sources */ = {isa = PBXBuildFile; fileRef = 1EEBF4FC126A236D002CC6CA /* PKGraphicEQEffect.cpp */; };
		8DC2EF530486A6940098B216 /* InfoPlist.strings in Resources */ = {isa = PBXBuildFile; fileRef = 089C1666FE841158C02AAC07 /* InfoPlist.strings */; };
/* End PBXBuildFile section */

/* Begin PBXFileReference section */
		089C1667FE841158C02AAC07 /* English */ = {isa = PBXFileReference; fileEncoding = 4; lastKnownFileType = text.plist.strings; name = English; path = English.lproj/InfoPlist.strings; sourceTree = "<group>"; };
		1E41934C12DE381F007038D2 /* PKMatrixReverbEffect.h */ = {isa = PBXFileReference; fileEncoding = 4; lastKnownFileType = sourcecode.c.h; path = PKMatrixReverbEffect.h; sourceTree = "<group>"; };
		1E41934D12DE381F007038D2 /* PKMatrixReverbEffect.cpp */ = {isa = PBXFileReference; fileEncoding = 4; lastKnownFileType = sourcecode.cpp.cpp; path = PKMatrixReverbEffect.cpp; sourceTree = "<group>"; };
		1E4195EA12E12C3C007038D2 /* PKDelayEffect.h */ = {isa = PBXFileReference; fileEncoding = 4; lastKnownFileType = sourcecode.c.h; path = PKDelayEffect.h; sourceTree = "<group>"; };
		1E4195EB12E12C3C007038D2 /* PKDelayEffect.cpp */ = {isa = PBXFileReference; fileEncoding = 4; lastKnownFileType = sourcecode.cpp.cpp; path = PKDelayEffect.cpp; sourceTree = "<group>"; };
		1E41960812E12E3E007038D2 /* PKPitchEffect.h */ = {isa = PBXFileReference; fileEncoding = 4; lastKnownFileType = sourcecode.c.h; path = PKPitchEffect.h; sourceTree = "<group>"; };
		1E41960912E12E3E007038D2 /* PKPitchEffect.cpp */ = {isa = PBXFileReference; fileEncoding = 4; lastKnownFileType = sourcecode.cpp.cpp; path = PKPitchEffect.cpp; sourceTree = "<group>"; };
		1E41970C12E34ECD007038D2 /* CoreAudioErrors.h */ = {isa = PBXFileReference; fileEncoding = 4; lastKnownFileType = sourcecode.c.h; path = CoreAudioErrors.h; sourceTree = "<group>"; };
		1E41970D12E34ECD007038D2 /* CoreAudioErrors.cpp */ = {isa = PBXFileReference; fileEncoding = 4; lastKnownFileType = sourcecode.cpp.cpp; path = CoreAudioErrors.cpp; sourceTree = "<group>"; };
		1E42945C12EDF91D0004DFC2 /* CoreFoundation.framework */ = {isa = PBXFileReference; lastKnownFileType = wrapper.framework; name = CoreFoundation.framework; path = System/Library/Frameworks/CoreFoundation.framework; sourceTree = SDKROOT; };
		1E42945E12EDF91D0004DFC2 /* CoreServices.framework */ = {isa = PBXFileReference; lastKnownFileType = wrapper.framework; name = CoreServices.framework; path = System/Library/Frameworks/CoreServices.framework; sourceTree = SDKROOT; };
		1EE97A4F124D80EA00AA4646 /* PKAudioPlayerEngine.cpp */ = {isa = PBXFileReference; fileEncoding = 4; lastKnownFileType = sourcecode.cpp.cpp; path = PKAudioPlayerEngine.cpp; sourceTree = "<group>"; };
		1EE97A50124D80EA00AA4646 /* PKAudioPlayerEngine.h */ = {isa = PBXFileReference; fileEncoding = 4; lastKnownFileType = sourcecode.c.h; path = PKAudioPlayerEngine.h; sourceTree = "<group>"; };
		1EE97A52124D80EA00AA4646 /* PKCoreAudioDecoder.cpp */ = {isa = PBXFileReference; fileEncoding = 4; lastKnownFileType = sourcecode.cpp.cpp; path = PKCoreAudioDecoder.cpp; sourceTree = "<group>"; };
		1EE97A53124D80EA00AA4646 /* PKCoreAudioDecoder.h */ = {isa = PBXFileReference; fileEncoding = 4; lastKnownFileType = sourcecode.c.h; path = PKCoreAudioDecoder.h; sourceTree = "<group>"; };
		1EE97A54124D80EA00AA4646 /* PKDecoder.cpp */ = {isa = PBXFileReference; fileEncoding = 4; lastKnownFileType = sourcecode.cpp.cpp; path = PKDecoder.cpp; sourceTree = "<group>"; };
		1EE97A55124D80EA00AA4646 /* PKDecoder.h */ = {isa = PBXFileReference; fileEncoding = 4; lastKnownFileType = sourcecode.c.h; path = PKDecoder.h; sourceTree = "<group>"; };
		1EE97A58124D80EA00AA4646 /* PKScheduledDataSlice.cpp */ = {isa = PBXFileReference; fileEncoding = 4; lastKnownFileType = sourcecode.cpp.cpp; path = PKScheduledDataSlice.cpp; sourceTree = "<group>"; };
		1EE97A59124D80EA00AA4646 /* PKScheduledDataSlice.h */ = {isa = PBXFileReference; fileEncoding = 4; lastKnownFileType = sourcecode.c.h; path = PKScheduledDataSlice.h; sourceTree = "<group>"; };
		1EE97A5A124D80EA00AA4646 /* PKTaskQueue.cpp */ = {isa = PBXFileReference; fileEncoding = 4; lastKnownFileType = sourcecode.cpp.cpp; path = PKTaskQueue.cpp; sourceTree = "<group>"; };
		1EE97A5B124D80EA00AA4646 /* PKTaskQueue.h */ = {isa = PBXFileReference; fileEncoding = 4; lastKnownFileType = sourcecode.c.h; path = PKTaskQueue.h; sourceTree = "<group>"; };
		1EE97A5C124D80EA00AA4646 /* PlayerKit.h */ = {isa = PBXFileReference; fileEncoding = 4; lastKnownFileType = sourcecode.c.h; path = PlayerKit.h; sourceTree = "<group>"; };
		1EE97A5D124D80EA00AA4646 /* PlayerKitDefines.h */ = {isa = PBXFileReference; fileEncoding = 4; lastKnownFileType = sourcecode.c.h; path = PlayerKitDefines.h; sourceTree = "<group>"; };
		1EE97A5E124D80EA00AA4646 /* PlayerKitDefines.cpp */ = {isa = PBXFileReference; fileEncoding = 4; lastKnownFileType = sourcecode.cpp.cpp; path = PlayerKitDefines.cpp; sourceTree = "<group>"; };
		1EE97A5F124D80EA00AA4646 /* RBAtomic.cpp */ = {isa = PBXFileReference; fileEncoding = 4; lastKnownFileType = sourcecode.cpp.cpp; path = RBAtomic.cpp; sourceTree = "<group>"; };
		1EE97A60124D80EA00AA4646 /* RBAtomic.h */ = {isa = PBXFileReference; fileEncoding = 4; lastKnownFileType = sourcecode.c.h; path = RBAtomic.h; sourceTree = "<group>"; };
		1EE97A61124D80EA00AA4646 /* RBException.h */ = {isa = PBXFileReference; fileEncoding = 4; lastKnownFileType = sourcecode.c.h; path = RBException.h; sourceTree = "<group>"; };
		1EE97A62124D80EA00AA4646 /* RBException.cpp */ = {isa = PBXFileReference; fileEncoding = 4; lastKnownFileType = sourcecode.cpp.cpp; path = RBException.cpp; sourceTree = "<group>"; };
		1EE97A63124D80EA00AA4646 /* RBLockableObject.cpp */ = {isa = PBXFileReference; fileEncoding = 4; lastKnownFileType = sourcecode.cpp.cpp; path = RBLockableObject.cpp; sourceTree = "<group>"; };
		1EE97A64124D80EA00AA4646 /* RBLockableObject.h */ = {isa = PBXFileReference; fileEncoding = 4; lastKnownFileType = sourcecode.c.h; path = RBLockableObject.h; sourceTree = "<group>"; };
		1EE97A65124D80EA00AA4646 /* RBObject.cpp */ = {isa = PBXFileReference; fileEncoding = 4; lastKnownFileType = sourcecode.cpp.cpp; path = RBObject.cpp; sourceTree = "<group>"; };
		1EE97A66124D80EA00AA4646 /* RBObject.h */ = {isa = PBXFileReference; fileEncoding = 4; lastKnownFileType = sourcecode.c.h; path = RBObject.h; sourceTree = "<group>"; };
		1EE97A8A124D814700AA4646 /* CAComponent.cpp */ = {isa = PBXFileReference; fileEncoding = 4; lastKnownFileType = sourcecode.cpp.cpp; name = CAComponent.cpp; path = ../../../../Users/km/Documents/Projects/Roundabout/PlayerKit/CAPublicUtility/CAComponent.cpp; sourceTree = DEVELOPER_DIR; };
		1EE97A8B124D814700AA4646 /* CAComponent.h */ = {isa = PBXFileReference; fileEncoding = 4; lastKnownFileType = sourcecode.c.h; name = CAComponent.h; path = ../../../../Users/km/Documents/Projects/Roundabout/PlayerKit/CAPublicUtility/CAComponent.h; sourceTree = DEVELOPER_DIR; };
		1EE97A8C124D814700AA4646 /* CAComponentDescription.cpp */ = {isa = PBXFileReference; fileEncoding = 4; lastKnownFileType = sourcecode.cpp.cpp; name = CAComponentDescription.cpp; path = ../../../../Users/km/Documents/Projects/Roundabout/PlayerKit/CAPublicUtility/CAComponentDescription.cpp; sourceTree = DEVELOPER_DIR; };
		1EE97A8D124D814700AA4646 /* CAComponentDescription.h */ = {isa = PBXFileReference; fileEncoding = 4; lastKnownFileType = sourcecode.c.h; name = CAComponentDescription.h; path = ../../../../Users/km/Documents/Projects/Roundabout/PlayerKit/CAPublicUtility/CAComponentDescription.h; sourceTree = DEVELOPER_DIR; };
		1EE97A95124D816300AA4646 /* CAStreamBasicDescription.cpp */ = {isa = PBXFileReference; fileEncoding = 4; lastKnownFileType = sourcecode.cpp.cpp; name = CAStreamBasicDescription.cpp; path = ../../../../Users/km/Documents/Projects/Roundabout/PlayerKit/CAPublicUtility/CAStreamBasicDescription.cpp; sourceTree = DEVELOPER_DIR; };
		1EE97A96124D816300AA4646 /* CAStreamBasicDescription.h */ = {isa = PBXFileReference; fileEncoding = 4; lastKnownFileType = sourcecode.c.h; name = CAStreamBasicDescription.h; path = ../../../../Users/km/Documents/Projects/Roundabout/PlayerKit/CAPublicUtility/CAStreamBasicDescription.h; sourceTree = DEVELOPER_DIR; };
		1EE97A99124D816A00AA4646 /* CAPThread.cpp */ = {isa = PBXFileReference; fileEncoding = 4; lastKnownFileType = sourcecode.cpp.cpp; name = CAPThread.cpp; path = ../../../../Users/km/Documents/Projects/Roundabout/PlayerKit/CAPublicUtility/CAPThread.cpp; sourceTree = DEVELOPER_DIR; };
		1EE97A9A124D816A00AA4646 /* CAPThread.h */ = {isa = PBXFileReference; fileEncoding = 4; lastKnownFileType = sourcecode.c.h; name = CAPThread.h; path = ../../../../Users/km/Documents/Projects/Roundabout/PlayerKit/CAPublicUtility/CAPThread.h; sourceTree = DEVELOPER_DIR; };
		1EE97A9D124D816F00AA4646 /* CAAudioBufferList.cpp */ = {isa = PBXFileReference; fileEncoding = 4; lastKnownFileType = sourcecode.cpp.cpp; name = CAAudioBufferList.cpp; path = ../../../../Users/km/Documents/Projects/Roundabout/PlayerKit/CAPublicUtility/CAAudioBufferList.cpp; sourceTree = DEVELOPER_DIR; };
		1EE97A9E124D816F00AA4646 /* CAAudioBufferList.h */ = {isa = PBXFileReference; fileEncoding = 4; lastKnownFileType = sourcecode.c.h; name = CAAudioBufferList.h; path = ../../../../Users/km/Documents/Projects/Roundabout/PlayerKit/CAPublicUtility/CAAudioBufferList.h; sourceTree = DEVELOPER_DIR; };
		1EE97AA3124D818100AA4646 /* CoreAudio.framework */ = {isa = PBXFileReference; lastKnownFileType = wrapper.framework; name = CoreAudio.framework; path = System/Library/Frameworks/CoreAudio.framework; sourceTree = SDKROOT; };
		1EE97AA5124D818400AA4646 /* AudioToolbox.framework */ = {isa = PBXFileReference; lastKnownFileType = wrapper.framework; name = AudioToolbox.framework; path = System/Library/Frameworks/AudioToolbox.framework; sourceTree = SDKROOT; };
		1EE97AAD124D819100AA4646 /* AudioUnit.framework */ = {isa = PBXFileReference; lastKnownFileType = wrapper.framework; name = AudioUnit.framework; path = System/Library/Frameworks/AudioUnit.framework; sourceTree = SDKROOT; };
		1EEBF2F31269DFEF002CC6CA /* PKAudioPlayer.h */ = {isa = PBXFileReference; fileEncoding = 4; lastKnownFileType = sourcecode.c.h; path = PKAudioPlayer.h; sourceTree = "<group>"; };
		1EEBF2F51269E012002CC6CA /* PKAudioPlayerInternal.h */ = {isa = PBXFileReference; fileEncoding = 4; lastKnownFileType = sourcecode.c.h; path = PKAudioPlayerInternal.h; sourceTree = "<group>"; };
		1EEBF2F91269E033002CC6CA /* PKAudioPlayer.cpp */ = {isa = PBXFileReference; fileEncoding = 4; lastKnownFileType = sourcecode.cpp.cpp; path = PKAudioPlayer.cpp; sourceTree = "<group>"; };
		1EEBF474126A16E8002CC6CA /* PKAudioEffect.h */ = {isa = PBXFileReference; fileEncoding = 4; lastKnownFileType = sourcecode.c.h; path = PKAudioEffect.h; sourceTree = "<group>"; };
		1EEBF475126A16E8002CC6CA /* PKAudioEffect.cpp */ = {isa = PBXFileReference; fileEncoding = 4; lastKnownFileType = sourcecode.cpp.cpp; path = PKAudioEffect.cpp; sourceTree = "<group>"; };
		1EEBF4FB126A236D002CC6CA /* PKGraphicEQEffect.h */ = {isa = PBXFileReference; fileEncoding = 4; lastKnownFileType = sourcecode.c.h; path = PKGraphicEQEffect.h; sourceTree = "<group>"; };
		1EEBF4FC126A236D002CC6CA /* PKGraphicEQEffect.cpp */ = {isa = PBXFileReference; fileEncoding = 4; lastKnownFileType = sourcecode.cpp.cpp; path = PKGraphicEQEffect.cpp; sourceTree = "<group>"; };
		32DBCF5E0370ADEE00C91783 /* PlayerKit_Prefix.pch */ = {isa = PBXFileReference; fileEncoding = 4; lastKnownFileType = sourcecode.c.h; path = PlayerKit_Prefix.pch; sourceTree = "<group>"; };
		8DC2EF5A0486A6940098B216 /* Info.plist */ = {isa = PBXFileReference; fileEncoding = 4; lastKnownFileType = text.plist.xml; path = Info.plist; sourceTree = "<group>"; };
		8DC2EF5B0486A6940098B216 /* PlayerKit.framework */ = {isa = PBXFileReference; explicitFileType = wrapper.framework; includeInIndex = 0; path = PlayerKit.framework; sourceTree = BUILT_PRODUCTS_DIR; };
/* End PBXFileReference section */

/* Begin PBXFrameworksBuildPhase section */
		8DC2EF560486A6940098B216 /* Frameworks */ = {
			isa = PBXFrameworksBuildPhase;
			buildActionMask = 2147483647;
			files = (
				1EE97AA4124D818100AA4646 /* CoreAudio.framework in Frameworks */,
				1EE97AA6124D818400AA4646 /* AudioToolbox.framework in Frameworks */,
				1EE97AAE124D819100AA4646 /* AudioUnit.framework in Frameworks */,
				1E42945D12EDF91D0004DFC2 /* CoreFoundation.framework in Frameworks */,
				1E42945F12EDF91D0004DFC2 /* CoreServices.framework in Frameworks */,
			);
			runOnlyForDeploymentPostprocessing = 0;
		};
/* End PBXFrameworksBuildPhase section */

/* Begin PBXGroup section */
		034768DFFF38A50411DB9C8B /* Products */ = {
			isa = PBXGroup;
			children = (
				8DC2EF5B0486A6940098B216 /* PlayerKit.framework */,
			);
			name = Products;
			sourceTree = "<group>";
		};
		0867D691FE84028FC02AAC07 /* PlayerKit */ = {
			isa = PBXGroup;
			children = (
				1EE62F83126609AE00A69141 /* Tools */,
				1EE62F82126609A200A69141 /* Playback */,
				1EE62F84126609B700A69141 /* Effects */,
				1EE97A92124D814B00AA4646 /* CoreAudio Utility */,
				32C88DFF0371C24200C91783 /* Other Sources */,
				089C1665FE841158C02AAC07 /* Resources */,
				0867D69AFE84028FC02AAC07 /* External Frameworks and Libraries */,
				034768DFFF38A50411DB9C8B /* Products */,
			);
			name = PlayerKit;
			sourceTree = "<group>";
		};
		0867D69AFE84028FC02AAC07 /* External Frameworks and Libraries */ = {
			isa = PBXGroup;
			children = (
				1EE97AA3124D818100AA4646 /* CoreAudio.framework */,
				1EE97AA5124D818400AA4646 /* AudioToolbox.framework */,
				1EE97AAD124D819100AA4646 /* AudioUnit.framework */,
				1E42945C12EDF91D0004DFC2 /* CoreFoundation.framework */,
				1E42945E12EDF91D0004DFC2 /* CoreServices.framework */,
			);
			name = "External Frameworks and Libraries";
			sourceTree = "<group>";
		};
		089C1665FE841158C02AAC07 /* Resources */ = {
			isa = PBXGroup;
			children = (
				8DC2EF5A0486A6940098B216 /* Info.plist */,
				089C1666FE841158C02AAC07 /* InfoPlist.strings */,
			);
			name = Resources;
			sourceTree = "<group>";
		};
		1EE62F82126609A200A69141 /* Playback */ = {
			isa = PBXGroup;
			children = (
				1EEBF478126A16EF002CC6CA /* Engine */,
				1EE62F85126609CD00A69141 /* Decoders */,
				1EEBF2F51269E012002CC6CA /* PKAudioPlayerInternal.h */,
				1EEBF2F31269DFEF002CC6CA /* PKAudioPlayer.h */,
				1EEBF2F91269E033002CC6CA /* PKAudioPlayer.cpp */,
			);
			name = Playback;
			sourceTree = "<group>";
		};
		1EE62F83126609AE00A69141 /* Tools */ = {
			isa = PBXGroup;
			children = (
				1EE97A5A124D80EA00AA4646 /* PKTaskQueue.cpp */,
				1EE97A5B124D80EA00AA4646 /* PKTaskQueue.h */,
				1EE97A5F124D80EA00AA4646 /* RBAtomic.cpp */,
				1EE97A60124D80EA00AA4646 /* RBAtomic.h */,
				1EE97A61124D80EA00AA4646 /* RBException.h */,
				1EE97A62124D80EA00AA4646 /* RBException.cpp */,
				1EE97A63124D80EA00AA4646 /* RBLockableObject.cpp */,
				1EE97A64124D80EA00AA4646 /* RBLockableObject.h */,
				1EE97A65124D80EA00AA4646 /* RBObject.cpp */,
				1EE97A66124D80EA00AA4646 /* RBObject.h */,
				1E41970C12E34ECD007038D2 /* CoreAudioErrors.h */,
				1E41970D12E34ECD007038D2 /* CoreAudioErrors.cpp */,
			);
			name = Tools;
			sourceTree = "<group>";
		};
		1EE62F84126609B700A69141 /* Effects */ = {
			isa = PBXGroup;
			children = (
				1EEBF474126A16E8002CC6CA /* PKAudioEffect.h */,
				1EEBF475126A16E8002CC6CA /* PKAudioEffect.cpp */,
				1EEBF4FB126A236D002CC6CA /* PKGraphicEQEffect.h */,
				1EEBF4FC126A236D002CC6CA /* PKGraphicEQEffect.cpp */,
				1E41934C12DE381F007038D2 /* PKMatrixReverbEffect.h */,
				1E41934D12DE381F007038D2 /* PKMatrixReverbEffect.cpp */,
				1E4195EA12E12C3C007038D2 /* PKDelayEffect.h */,
				1E4195EB12E12C3C007038D2 /* PKDelayEffect.cpp */,
				1E41960812E12E3E007038D2 /* PKPitchEffect.h */,
				1E41960912E12E3E007038D2 /* PKPitchEffect.cpp */,
			);
			name = Effects;
			sourceTree = "<group>";
		};
		1EE62F85126609CD00A69141 /* Decoders */ = {
			isa = PBXGroup;
			children = (
				1EE97A52124D80EA00AA4646 /* PKCoreAudioDecoder.cpp */,
				1EE97A53124D80EA00AA4646 /* PKCoreAudioDecoder.h */,
				1EE97A54124D80EA00AA4646 /* PKDecoder.cpp */,
				1EE97A55124D80EA00AA4646 /* PKDecoder.h */,
			);
			name = Decoders;
			sourceTree = "<group>";
		};
		1EE97A92124D814B00AA4646 /* CoreAudio Utility */ = {
			isa = PBXGroup;
			children = (
				1EE97A8A124D814700AA4646 /* CAComponent.cpp */,
				1EE97A8B124D814700AA4646 /* CAComponent.h */,
				1EE97A8C124D814700AA4646 /* CAComponentDescription.cpp */,
				1EE97A8D124D814700AA4646 /* CAComponentDescription.h */,
				1EE97A95124D816300AA4646 /* CAStreamBasicDescription.cpp */,
				1EE97A96124D816300AA4646 /* CAStreamBasicDescription.h */,
				1EE97A99124D816A00AA4646 /* CAPThread.cpp */,
				1EE97A9A124D816A00AA4646 /* CAPThread.h */,
				1EE97A9D124D816F00AA4646 /* CAAudioBufferList.cpp */,
				1EE97A9E124D816F00AA4646 /* CAAudioBufferList.h */,
			);
			name = "CoreAudio Utility";
			sourceTree = "<group>";
		};
		1EEBF478126A16EF002CC6CA /* Engine */ = {
			isa = PBXGroup;
			children = (
				1EE97A4F124D80EA00AA4646 /* PKAudioPlayerEngine.cpp */,
				1EE97A50124D80EA00AA4646 /* PKAudioPlayerEngine.h */,
				1EE97A58124D80EA00AA4646 /* PKScheduledDataSlice.cpp */,
				1EE97A59124D80EA00AA4646 /* PKScheduledDataSlice.h */,
			);
			name = Engine;
			sourceTree = "<group>";
		};
		32C88DFF0371C24200C91783 /* Other Sources */ = {
			isa = PBXGroup;
			children = (
				1EE97A5C124D80EA00AA4646 /* PlayerKit.h */,
				1EE97A5D124D80EA00AA4646 /* PlayerKitDefines.h */,
				1EE97A5E124D80EA00AA4646 /* PlayerKitDefines.cpp */,
				32DBCF5E0370ADEE00C91783 /* PlayerKit_Prefix.pch */,
			);
			name = "Other Sources";
			sourceTree = "<group>";
		};
/* End PBXGroup section */

/* Begin PBXHeadersBuildPhase section */
		8DC2EF500486A6940098B216 /* Headers */ = {
			isa = PBXHeadersBuildPhase;
			buildActionMask = 2147483647;
			files = (
				1EE97A6D124D80EA00AA4646 /* PKAudioPlayerEngine.h in Headers */,
				1EE97A70124D80EA00AA4646 /* PKCoreAudioDecoder.h in Headers */,
				1EE97A72124D80EA00AA4646 /* PKDecoder.h in Headers */,
				1EE97A76124D80EA00AA4646 /* PKScheduledDataSlice.h in Headers */,
				1EE97A78124D80EA00AA4646 /* PKTaskQueue.h in Headers */,
				1EE97A79124D80EA00AA4646 /* PlayerKit.h in Headers */,
				1EE97A7A124D80EA00AA4646 /* PlayerKitDefines.h in Headers */,
				1EE97A7D124D80EA00AA4646 /* RBAtomic.h in Headers */,
				1EE97A7E124D80EA00AA4646 /* RBException.h in Headers */,
				1EE97A81124D80EA00AA4646 /* RBLockableObject.h in Headers */,
				1EE97A83124D80EA00AA4646 /* RBObject.h in Headers */,
				1EE97A8F124D814700AA4646 /* CAComponent.h in Headers */,
				1EE97A91124D814700AA4646 /* CAComponentDescription.h in Headers */,
				1EE97A98124D816300AA4646 /* CAStreamBasicDescription.h in Headers */,
				1EE97A9C124D816A00AA4646 /* CAPThread.h in Headers */,
				1EE97AA0124D816F00AA4646 /* CAAudioBufferList.h in Headers */,
				1EEBF2F41269DFEF002CC6CA /* PKAudioPlayer.h in Headers */,
				1EEBF2F61269E012002CC6CA /* PKAudioPlayerInternal.h in Headers */,
				1EEBF476126A16E8002CC6CA /* PKAudioEffect.h in Headers */,
				1EEBF4FD126A236D002CC6CA /* PKGraphicEQEffect.h in Headers */,
				1E41934E12DE381F007038D2 /* PKMatrixReverbEffect.h in Headers */,
				1E4195EC12E12C3C007038D2 /* PKDelayEffect.h in Headers */,
				1E41960A12E12E3E007038D2 /* PKPitchEffect.h in Headers */,
				1E41970E12E34ECD007038D2 /* CoreAudioErrors.h in Headers */,
			);
			runOnlyForDeploymentPostprocessing = 0;
		};
/* End PBXHeadersBuildPhase section */

/* Begin PBXNativeTarget section */
		8DC2EF4F0486A6940098B216 /* PlayerKit */ = {
			isa = PBXNativeTarget;
			buildConfigurationList = 1DEB91AD08733DA50010E9CD /* Build configuration list for PBXNativeTarget "PlayerKit" */;
			buildPhases = (
				8DC2EF500486A6940098B216 /* Headers */,
				8DC2EF520486A6940098B216 /* Resources */,
				8DC2EF540486A6940098B216 /* Sources */,
				8DC2EF560486A6940098B216 /* Frameworks */,
			);
			buildRules = (
			);
			dependencies = (
			);
			name = PlayerKit;
			productInstallPath = "$(HOME)/Library/Frameworks";
			productName = PlayerKit;
			productReference = 8DC2EF5B0486A6940098B216 /* PlayerKit.framework */;
			productType = "com.apple.product-type.framework";
		};
/* End PBXNativeTarget section */

/* Begin PBXProject section */
		0867D690FE84028FC02AAC07 /* Project object */ = {
			isa = PBXProject;
			attributes = {
				LastUpgradeCheck = 0410;
			};
			buildConfigurationList = 1DEB91B108733DA50010E9CD /* Build configuration list for PBXProject "PlayerKit" */;
			compatibilityVersion = "Xcode 3.2";
			developmentRegion = English;
			hasScannedForEncodings = 1;
			knownRegions = (
				English,
				Japanese,
				French,
				German,
			);
			mainGroup = 0867D691FE84028FC02AAC07 /* PlayerKit */;
			productRefGroup = 034768DFFF38A50411DB9C8B /* Products */;
			projectDirPath = "";
			projectRoot = "";
			targets = (
				8DC2EF4F0486A6940098B216 /* PlayerKit */,
			);
		};
/* End PBXProject section */

/* Begin PBXResourcesBuildPhase section */
		8DC2EF520486A6940098B216 /* Resources */ = {
			isa = PBXResourcesBuildPhase;
			buildActionMask = 2147483647;
			files = (
				8DC2EF530486A6940098B216 /* InfoPlist.strings in Resources */,
			);
			runOnlyForDeploymentPostprocessing = 0;
		};
/* End PBXResourcesBuildPhase section */

/* Begin PBXSourcesBuildPhase section */
		8DC2EF540486A6940098B216 /* Sources */ = {
			isa = PBXSourcesBuildPhase;
			buildActionMask = 2147483647;
			files = (
				1EE97A6C124D80EA00AA4646 /* PKAudioPlayerEngine.cpp in Sources */,
				1EE97A6F124D80EA00AA4646 /* PKCoreAudioDecoder.cpp in Sources */,
				1EE97A71124D80EA00AA4646 /* PKDecoder.cpp in Sources */,
				1EE97A75124D80EA00AA4646 /* PKScheduledDataSlice.cpp in Sources */,
				1EE97A77124D80EA00AA4646 /* PKTaskQueue.cpp in Sources */,
				1EE97A7B124D80EA00AA4646 /* PlayerKitDefines.cpp in Sources */,
				1EE97A7C124D80EA00AA4646 /* RBAtomic.cpp in Sources */,
				1EE97A7F124D80EA00AA4646 /* RBException.cpp in Sources */,
				1EE97A80124D80EA00AA4646 /* RBLockableObject.cpp in Sources */,
				1EE97A82124D80EA00AA4646 /* RBObject.cpp in Sources */,
				1EE97A8E124D814700AA4646 /* CAComponent.cpp in Sources */,
				1EE97A90124D814700AA4646 /* CAComponentDescription.cpp in Sources */,
				1EE97A97124D816300AA4646 /* CAStreamBasicDescription.cpp in Sources */,
				1EE97A9B124D816A00AA4646 /* CAPThread.cpp in Sources */,
				1EE97A9F124D816F00AA4646 /* CAAudioBufferList.cpp in Sources */,
				1EEBF2FA1269E033002CC6CA /* PKAudioPlayer.cpp in Sources */,
				1EEBF477126A16E8002CC6CA /* PKAudioEffect.cpp in Sources */,
				1EEBF4FE126A236D002CC6CA /* PKGraphicEQEffect.cpp in Sources */,
				1E41934F12DE381F007038D2 /* PKMatrixReverbEffect.cpp in Sources */,
				1E4195ED12E12C3C007038D2 /* PKDelayEffect.cpp in Sources */,
				1E41960B12E12E3E007038D2 /* PKPitchEffect.cpp in Sources */,
				1E41970F12E34ECD007038D2 /* CoreAudioErrors.cpp in Sources */,
			);
			runOnlyForDeploymentPostprocessing = 0;
		};
/* End PBXSourcesBuildPhase section */

/* Begin PBXVariantGroup section */
		089C1666FE841158C02AAC07 /* InfoPlist.strings */ = {
			isa = PBXVariantGroup;
			children = (
				089C1667FE841158C02AAC07 /* English */,
			);
			name = InfoPlist.strings;
			sourceTree = "<group>";
		};
/* End PBXVariantGroup section */

/* Begin XCBuildConfiguration section */
		1DEB91AE08733DA50010E9CD /* Debug */ = {
			isa = XCBuildConfiguration;
			buildSettings = {
				ALWAYS_SEARCH_USER_PATHS = NO;
				COPY_PHASE_STRIP = NO;
				DYLIB_COMPATIBILITY_VERSION = 1;
				DYLIB_CURRENT_VERSION = 1;
				FRAMEWORK_VERSION = A;
				GCC_DYNAMIC_NO_PIC = NO;
				GCC_ENABLE_OBJC_GC = supported;
				GCC_MODEL_TUNING = G5;
				GCC_OPTIMIZATION_LEVEL = 0;
				GCC_PRECOMPILE_PREFIX_HEADER = YES;
				GCC_PREFIX_HEADER = PlayerKit_Prefix.pch;
				INFOPLIST_FILE = Info.plist;
				INSTALL_PATH = "@rpath";
				PRODUCT_NAME = PlayerKit;
				VALID_ARCHS = "i386 x86_64";
				WRAPPER_EXTENSION = framework;
			};
			name = Debug;
		};
		1DEB91AF08733DA50010E9CD /* Release */ = {
			isa = XCBuildConfiguration;
			buildSettings = {
				ALWAYS_SEARCH_USER_PATHS = NO;
				DEBUG_INFORMATION_FORMAT = "dwarf-with-dsym";
				DYLIB_COMPATIBILITY_VERSION = 1;
				DYLIB_CURRENT_VERSION = 1;
				FRAMEWORK_VERSION = A;
				GCC_ENABLE_OBJC_GC = supported;
				GCC_MODEL_TUNING = G5;
				GCC_PRECOMPILE_PREFIX_HEADER = YES;
				GCC_PREFIX_HEADER = PlayerKit_Prefix.pch;
				INFOPLIST_FILE = Info.plist;
				INSTALL_PATH = "@rpath";
				PRODUCT_NAME = PlayerKit;
				VALID_ARCHS = "i386 x86_64";
				WRAPPER_EXTENSION = framework;
			};
			name = Release;
		};
		1DEB91B208733DA50010E9CD /* Debug */ = {
			isa = XCBuildConfiguration;
			buildSettings = {
				ARCHS = "$(ARCHS_STANDARD_32_64_BIT)";
				GCC_C_LANGUAGE_STANDARD = gnu99;
				GCC_OPTIMIZATION_LEVEL = 0;
				GCC_WARN_ABOUT_RETURN_TYPE = YES;
				GCC_WARN_UNUSED_VARIABLE = YES;
				ONLY_ACTIVE_ARCH = YES;
				SDKROOT = macosx10.6;
			};
			name = Debug;
		};
		1DEB91B308733DA50010E9CD /* Release */ = {
			isa = XCBuildConfiguration;
			buildSettings = {
				ARCHS = "$(ARCHS_STANDARD_32_64_BIT)";
				GCC_C_LANGUAGE_STANDARD = gnu99;
				GCC_WARN_ABOUT_RETURN_TYPE = YES;
				GCC_WARN_UNUSED_VARIABLE = YES;
				SDKROOT = macosx10.6;
			};
			name = Release;
		};
/* End XCBuildConfiguration section */

/* Begin XCConfigurationList section */
		1DEB91AD08733DA50010E9CD /* Build configuration list for PBXNativeTarget "PlayerKit" */ = {
			isa = XCConfigurationList;
			buildConfigurations = (
				1DEB91AE08733DA50010E9CD /* Debug */,
				1DEB91AF08733DA50010E9CD /* Release */,
			);
			defaultConfigurationIsVisible = 0;
			defaultConfigurationName = Release;
		};
		1DEB91B108733DA50010E9CD /* Build configuration list for PBXProject "PlayerKit" */ = {
			isa = XCConfigurationList;
			buildConfigurations = (
				1DEB91B208733DA50010E9CD /* Debug */,
				1DEB91B308733DA50010E9CD /* Release */,
			);
			defaultConfigurationIsVisible = 0;
			defaultConfigurationName = Release;
		};
/* End XCConfigurationList section */
	};
	rootObject = 0867D690FE84028FC02AAC07 /* Project object */;
}
